// !$*UTF8*$!
{
	archiveVersion = 1;
	classes = {
	};
	objectVersion = 46;
	objects = {

/* Begin PBXBuildFile section */
		49344FCB18D121670043AD1B /* POISuggestionViewController.m in Sources */ = {isa = PBXBuildFile; fileRef = 49344FCA18D121670043AD1B /* POISuggestionViewController.m */; };
		49344FCE18D122CE0043AD1B /* POISuggestionCell.m in Sources */ = {isa = PBXBuildFile; fileRef = 49344FCD18D122CE0043AD1B /* POISuggestionCell.m */; };
		4960277518CA8BC10065E9EC /* DestinationSearch.m in Sources */ = {isa = PBXBuildFile; fileRef = 4960277418CA8BC10065E9EC /* DestinationSearch.m */; };
		498AC87218BAB3AB00548A1E /* MapKit.framework in Frameworks */ = {isa = PBXBuildFile; fileRef = 498AC87118BAB3AB00548A1E /* MapKit.framework */; };
		49B3C81E18BF7D8E009600A8 /* DestinationSearchViewController.m in Sources */ = {isa = PBXBuildFile; fileRef = 49B3C81D18BF7D8E009600A8 /* DestinationSearchViewController.m */; };
		49EE963D18BBF97F0035F012 /* ch_bg.png in Resources */ = {isa = PBXBuildFile; fileRef = 49EE963C18BBF97F0035F012 /* ch_bg.png */; };
		49EE963F18BC1B400035F012 /* GoogleMaps.framework in Frameworks */ = {isa = PBXBuildFile; fileRef = 49EE963E18BC1B400035F012 /* GoogleMaps.framework */; };
		49EE964118BC1B810035F012 /* AVFoundation.framework in Frameworks */ = {isa = PBXBuildFile; fileRef = 49EE964018BC1B810035F012 /* AVFoundation.framework */; };
		49EE964318BC1B880035F012 /* CoreLocation.framework in Frameworks */ = {isa = PBXBuildFile; fileRef = 49EE964218BC1B880035F012 /* CoreLocation.framework */; };
		49EE964518BC1B8C0035F012 /* CoreText.framework in Frameworks */ = {isa = PBXBuildFile; fileRef = 49EE964418BC1B8C0035F012 /* CoreText.framework */; };
		49EE964718BC1B980035F012 /* GLKit.framework in Frameworks */ = {isa = PBXBuildFile; fileRef = 49EE964618BC1B980035F012 /* GLKit.framework */; };
		49EE964918BC1B9D0035F012 /* ImageIO.framework in Frameworks */ = {isa = PBXBuildFile; fileRef = 49EE964818BC1B9D0035F012 /* ImageIO.framework */; };
		49EE964B18BC1BA60035F012 /* libc++.dylib in Frameworks */ = {isa = PBXBuildFile; fileRef = 49EE964A18BC1BA60035F012 /* libc++.dylib */; };
		49EE964D18BC1BAD0035F012 /* libicucore.dylib in Frameworks */ = {isa = PBXBuildFile; fileRef = 49EE964C18BC1BAD0035F012 /* libicucore.dylib */; };
		49EE964F18BC1BB40035F012 /* libz.dylib in Frameworks */ = {isa = PBXBuildFile; fileRef = 49EE964E18BC1BB40035F012 /* libz.dylib */; };
		49EE965118BC1BB80035F012 /* OpenGLES.framework in Frameworks */ = {isa = PBXBuildFile; fileRef = 49EE965018BC1BB80035F012 /* OpenGLES.framework */; };
		49EE965318BC1BBF0035F012 /* QuartzCore.framework in Frameworks */ = {isa = PBXBuildFile; fileRef = 49EE965218BC1BBF0035F012 /* QuartzCore.framework */; };
		49EE965518BC1BC70035F012 /* SystemConfiguration.framework in Frameworks */ = {isa = PBXBuildFile; fileRef = 49EE965418BC1BC70035F012 /* SystemConfiguration.framework */; };
		4FE431F818AFD15700D06F9B /* Foundation.framework in Frameworks */ = {isa = PBXBuildFile; fileRef = 4FE431F718AFD15700D06F9B /* Foundation.framework */; };
		4FE431FA18AFD15700D06F9B /* CoreGraphics.framework in Frameworks */ = {isa = PBXBuildFile; fileRef = 4FE431F918AFD15700D06F9B /* CoreGraphics.framework */; };
		4FE431FC18AFD15700D06F9B /* UIKit.framework in Frameworks */ = {isa = PBXBuildFile; fileRef = 4FE431FB18AFD15700D06F9B /* UIKit.framework */; };
		4FE431FE18AFD15700D06F9B /* CoreData.framework in Frameworks */ = {isa = PBXBuildFile; fileRef = 4FE431FD18AFD15700D06F9B /* CoreData.framework */; };
		4FE4320418AFD15700D06F9B /* InfoPlist.strings in Resources */ = {isa = PBXBuildFile; fileRef = 4FE4320218AFD15700D06F9B /* InfoPlist.strings */; };
		4FE4320618AFD15700D06F9B /* main.m in Sources */ = {isa = PBXBuildFile; fileRef = 4FE4320518AFD15700D06F9B /* main.m */; };
		4FE4320A18AFD15700D06F9B /* AppDelegate.m in Sources */ = {isa = PBXBuildFile; fileRef = 4FE4320918AFD15700D06F9B /* AppDelegate.m */; };
		4FE4320D18AFD15700D06F9B /* Main_iPhone.storyboard in Resources */ = {isa = PBXBuildFile; fileRef = 4FE4320B18AFD15700D06F9B /* Main_iPhone.storyboard */; };
		4FE4321318AFD15700D06F9B /* RouteMe1.xcdatamodeld in Sources */ = {isa = PBXBuildFile; fileRef = 4FE4321118AFD15700D06F9B /* RouteMe1.xcdatamodeld */; };
		4FE4321B18AFD15800D06F9B /* Images.xcassets in Resources */ = {isa = PBXBuildFile; fileRef = 4FE4321A18AFD15800D06F9B /* Images.xcassets */; };
		4FE4322218AFD15800D06F9B /* XCTest.framework in Frameworks */ = {isa = PBXBuildFile; fileRef = 4FE4322118AFD15800D06F9B /* XCTest.framework */; };
		4FE4322318AFD15800D06F9B /* Foundation.framework in Frameworks */ = {isa = PBXBuildFile; fileRef = 4FE431F718AFD15700D06F9B /* Foundation.framework */; };
		4FE4322418AFD15800D06F9B /* UIKit.framework in Frameworks */ = {isa = PBXBuildFile; fileRef = 4FE431FB18AFD15700D06F9B /* UIKit.framework */; };
		4FE4322518AFD15800D06F9B /* CoreData.framework in Frameworks */ = {isa = PBXBuildFile; fileRef = 4FE431FD18AFD15700D06F9B /* CoreData.framework */; };
		4FE4322D18AFD15800D06F9B /* InfoPlist.strings in Resources */ = {isa = PBXBuildFile; fileRef = 4FE4322B18AFD15800D06F9B /* InfoPlist.strings */; };
		4FE4322F18AFD15800D06F9B /* RouteMe1Tests.m in Sources */ = {isa = PBXBuildFile; fileRef = 4FE4322E18AFD15800D06F9B /* RouteMe1Tests.m */; };
		4FE4323D18AFDB1C00D06F9B /* LoginViewController.m in Sources */ = {isa = PBXBuildFile; fileRef = 4FE4323C18AFDB1C00D06F9B /* LoginViewController.m */; };
		4FE4324018AFDB4900D06F9B /* ConfigureViewController.m in Sources */ = {isa = PBXBuildFile; fileRef = 4FE4323F18AFDB4900D06F9B /* ConfigureViewController.m */; };
		4FE4324518AFE92C00D06F9B /* DestinationsTableViewController.m in Sources */ = {isa = PBXBuildFile; fileRef = 4FE4324418AFE92C00D06F9B /* DestinationsTableViewController.m */; };
		4FE4324818AFE99800D06F9B /* TripManager.m in Sources */ = {isa = PBXBuildFile; fileRef = 4FE4324718AFE99800D06F9B /* TripManager.m */; };
		4FE4324B18AFEA2200D06F9B /* DestinationObject.m in Sources */ = {isa = PBXBuildFile; fileRef = 4FE4324A18AFEA2200D06F9B /* DestinationObject.m */; };
		4FEB075A18C3A19200AFB714 /* ActivitiesViewController.m in Sources */ = {isa = PBXBuildFile; fileRef = 4FEB075918C3A19200AFB714 /* ActivitiesViewController.m */; };
		4FEB075E18C3A49800AFB714 /* ActivityObject.m in Sources */ = {isa = PBXBuildFile; fileRef = 4FEB075D18C3A49800AFB714 /* ActivityObject.m */; };
		4FEC2D9418BA4E73001464B7 /* EditDestinationsCell.m in Sources */ = {isa = PBXBuildFile; fileRef = 4FEC2D9318BA4E73001464B7 /* EditDestinationsCell.m */; };
/* End PBXBuildFile section */

/* Begin PBXContainerItemProxy section */
		4FE4322618AFD15800D06F9B /* PBXContainerItemProxy */ = {
			isa = PBXContainerItemProxy;
			containerPortal = 4FE431EC18AFD15700D06F9B /* Project object */;
			proxyType = 1;
			remoteGlobalIDString = 4FE431F318AFD15700D06F9B;
			remoteInfo = RouteMe1;
		};
/* End PBXContainerItemProxy section */

/* Begin PBXFileReference section */
<<<<<<< HEAD:CityHop.xcodeproj/project.pbxproj
<<<<<<< HEAD:RouteMe1.xcodeproj/project.pbxproj
		49344FC918D121670043AD1B /* POISuggestionViewController.h */ = {isa = PBXFileReference; fileEncoding = 4; lastKnownFileType = sourcecode.c.h; path = POISuggestionViewController.h; sourceTree = "<group>"; };
		49344FCA18D121670043AD1B /* POISuggestionViewController.m */ = {isa = PBXFileReference; fileEncoding = 4; lastKnownFileType = sourcecode.c.objc; path = POISuggestionViewController.m; sourceTree = "<group>"; };
		49344FCC18D122CE0043AD1B /* POISuggestionCell.h */ = {isa = PBXFileReference; fileEncoding = 4; lastKnownFileType = sourcecode.c.h; path = POISuggestionCell.h; sourceTree = "<group>"; };
		49344FCD18D122CE0043AD1B /* POISuggestionCell.m */ = {isa = PBXFileReference; fileEncoding = 4; lastKnownFileType = sourcecode.c.objc; path = POISuggestionCell.m; sourceTree = "<group>"; };
		4960277318CA8BC10065E9EC /* DestinationSearch.h */ = {isa = PBXFileReference; fileEncoding = 4; lastKnownFileType = sourcecode.c.h; path = DestinationSearch.h; sourceTree = "<group>"; };
		4960277418CA8BC10065E9EC /* DestinationSearch.m */ = {isa = PBXFileReference; fileEncoding = 4; lastKnownFileType = sourcecode.c.objc; path = DestinationSearch.m; sourceTree = "<group>"; };
		498AC87118BAB3AB00548A1E /* MapKit.framework */ = {isa = PBXFileReference; lastKnownFileType = wrapper.framework; name = MapKit.framework; path = System/Library/Frameworks/MapKit.framework; sourceTree = SDKROOT; };
		49B3C81C18BF7D8E009600A8 /* DestinationSearchViewController.h */ = {isa = PBXFileReference; fileEncoding = 4; lastKnownFileType = sourcecode.c.h; path = DestinationSearchViewController.h; sourceTree = "<group>"; };
		49B3C81D18BF7D8E009600A8 /* DestinationSearchViewController.m */ = {isa = PBXFileReference; fileEncoding = 4; lastKnownFileType = sourcecode.c.objc; path = DestinationSearchViewController.m; sourceTree = "<group>"; };
		49EE963C18BBF97F0035F012 /* ch_bg.png */ = {isa = PBXFileReference; lastKnownFileType = image.png; path = ch_bg.png; sourceTree = "<group>"; };
		49EE963E18BC1B400035F012 /* GoogleMaps.framework */ = {isa = PBXFileReference; lastKnownFileType = wrapper.framework; name = GoogleMaps.framework; path = "../../../GoogleMaps-iOS-1.7.0/GoogleMaps.framework"; sourceTree = "<group>"; };
		49EE964018BC1B810035F012 /* AVFoundation.framework */ = {isa = PBXFileReference; lastKnownFileType = wrapper.framework; name = AVFoundation.framework; path = System/Library/Frameworks/AVFoundation.framework; sourceTree = SDKROOT; };
		49EE964218BC1B880035F012 /* CoreLocation.framework */ = {isa = PBXFileReference; lastKnownFileType = wrapper.framework; name = CoreLocation.framework; path = System/Library/Frameworks/CoreLocation.framework; sourceTree = SDKROOT; };
		49EE964418BC1B8C0035F012 /* CoreText.framework */ = {isa = PBXFileReference; lastKnownFileType = wrapper.framework; name = CoreText.framework; path = System/Library/Frameworks/CoreText.framework; sourceTree = SDKROOT; };
		49EE964618BC1B980035F012 /* GLKit.framework */ = {isa = PBXFileReference; lastKnownFileType = wrapper.framework; name = GLKit.framework; path = System/Library/Frameworks/GLKit.framework; sourceTree = SDKROOT; };
		49EE964818BC1B9D0035F012 /* ImageIO.framework */ = {isa = PBXFileReference; lastKnownFileType = wrapper.framework; name = ImageIO.framework; path = System/Library/Frameworks/ImageIO.framework; sourceTree = SDKROOT; };
		49EE964A18BC1BA60035F012 /* libc++.dylib */ = {isa = PBXFileReference; lastKnownFileType = "compiled.mach-o.dylib"; name = "libc++.dylib"; path = "usr/lib/libc++.dylib"; sourceTree = SDKROOT; };
		49EE964C18BC1BAD0035F012 /* libicucore.dylib */ = {isa = PBXFileReference; lastKnownFileType = "compiled.mach-o.dylib"; name = libicucore.dylib; path = usr/lib/libicucore.dylib; sourceTree = SDKROOT; };
		49EE964E18BC1BB40035F012 /* libz.dylib */ = {isa = PBXFileReference; lastKnownFileType = "compiled.mach-o.dylib"; name = libz.dylib; path = usr/lib/libz.dylib; sourceTree = SDKROOT; };
		49EE965018BC1BB80035F012 /* OpenGLES.framework */ = {isa = PBXFileReference; lastKnownFileType = wrapper.framework; name = OpenGLES.framework; path = System/Library/Frameworks/OpenGLES.framework; sourceTree = SDKROOT; };
		49EE965218BC1BBF0035F012 /* QuartzCore.framework */ = {isa = PBXFileReference; lastKnownFileType = wrapper.framework; name = QuartzCore.framework; path = System/Library/Frameworks/QuartzCore.framework; sourceTree = SDKROOT; };
		49EE965418BC1BC70035F012 /* SystemConfiguration.framework */ = {isa = PBXFileReference; lastKnownFileType = wrapper.framework; name = SystemConfiguration.framework; path = System/Library/Frameworks/SystemConfiguration.framework; sourceTree = SDKROOT; };
		4FE431F418AFD15700D06F9B /* RouteMe1.app */ = {isa = PBXFileReference; explicitFileType = wrapper.application; includeInIndex = 0; path = RouteMe1.app; sourceTree = BUILT_PRODUCTS_DIR; };
=======
		4FE431F418AFD15700D06F9B /* CityHop.app */ = {isa = PBXFileReference; explicitFileType = wrapper.application; includeInIndex = 0; path = CityHop.app; sourceTree = BUILT_PRODUCTS_DIR; };
>>>>>>> origin/adam_dev1:CityHop.xcodeproj/project.pbxproj
=======
		4FE431F418AFD15700D06F9B /* CityHop.app */ = {isa = PBXFileReference; explicitFileType = wrapper.application; includeInIndex = 0; path = CityHop.app; sourceTree = BUILT_PRODUCTS_DIR; };
>>>>>>> origin/adam_dev1:CityHop.xcodeproj/project.pbxproj
		4FE431F718AFD15700D06F9B /* Foundation.framework */ = {isa = PBXFileReference; lastKnownFileType = wrapper.framework; name = Foundation.framework; path = System/Library/Frameworks/Foundation.framework; sourceTree = SDKROOT; };
		4FE431F918AFD15700D06F9B /* CoreGraphics.framework */ = {isa = PBXFileReference; lastKnownFileType = wrapper.framework; name = CoreGraphics.framework; path = System/Library/Frameworks/CoreGraphics.framework; sourceTree = SDKROOT; };
		4FE431FB18AFD15700D06F9B /* UIKit.framework */ = {isa = PBXFileReference; lastKnownFileType = wrapper.framework; name = UIKit.framework; path = System/Library/Frameworks/UIKit.framework; sourceTree = SDKROOT; };
		4FE431FD18AFD15700D06F9B /* CoreData.framework */ = {isa = PBXFileReference; lastKnownFileType = wrapper.framework; name = CoreData.framework; path = System/Library/Frameworks/CoreData.framework; sourceTree = SDKROOT; };
		4FE4320118AFD15700D06F9B /* CityHop-Info.plist */ = {isa = PBXFileReference; lastKnownFileType = text.plist.xml; path = "CityHop-Info.plist"; sourceTree = "<group>"; };
		4FE4320318AFD15700D06F9B /* en */ = {isa = PBXFileReference; lastKnownFileType = text.plist.strings; name = en; path = en.lproj/InfoPlist.strings; sourceTree = "<group>"; };
		4FE4320518AFD15700D06F9B /* main.m */ = {isa = PBXFileReference; lastKnownFileType = sourcecode.c.objc; path = main.m; sourceTree = "<group>"; };
		4FE4320718AFD15700D06F9B /* CityHop-Prefix.pch */ = {isa = PBXFileReference; lastKnownFileType = sourcecode.c.h; path = "CityHop-Prefix.pch"; sourceTree = "<group>"; };
		4FE4320818AFD15700D06F9B /* AppDelegate.h */ = {isa = PBXFileReference; lastKnownFileType = sourcecode.c.h; path = AppDelegate.h; sourceTree = "<group>"; };
		4FE4320918AFD15700D06F9B /* AppDelegate.m */ = {isa = PBXFileReference; lastKnownFileType = sourcecode.c.objc; path = AppDelegate.m; sourceTree = "<group>"; };
		4FE4320C18AFD15700D06F9B /* Base */ = {isa = PBXFileReference; lastKnownFileType = file.storyboard; name = Base; path = Base.lproj/Main_iPhone.storyboard; sourceTree = "<group>"; };
		4FE4321218AFD15700D06F9B /* RouteMe1.xcdatamodel */ = {isa = PBXFileReference; lastKnownFileType = wrapper.xcdatamodel; path = RouteMe1.xcdatamodel; sourceTree = "<group>"; };
		4FE4321A18AFD15800D06F9B /* Images.xcassets */ = {isa = PBXFileReference; lastKnownFileType = folder.assetcatalog; path = Images.xcassets; sourceTree = "<group>"; };
		4FE4322018AFD15800D06F9B /* CityHopTests.xctest */ = {isa = PBXFileReference; explicitFileType = wrapper.cfbundle; includeInIndex = 0; path = CityHopTests.xctest; sourceTree = BUILT_PRODUCTS_DIR; };
		4FE4322118AFD15800D06F9B /* XCTest.framework */ = {isa = PBXFileReference; lastKnownFileType = wrapper.framework; name = XCTest.framework; path = Library/Frameworks/XCTest.framework; sourceTree = DEVELOPER_DIR; };
		4FE4322A18AFD15800D06F9B /* CityHopTests-Info.plist */ = {isa = PBXFileReference; lastKnownFileType = text.plist.xml; path = "CityHopTests-Info.plist"; sourceTree = "<group>"; };
		4FE4322C18AFD15800D06F9B /* en */ = {isa = PBXFileReference; lastKnownFileType = text.plist.strings; name = en; path = en.lproj/InfoPlist.strings; sourceTree = "<group>"; };
		4FE4322E18AFD15800D06F9B /* RouteMe1Tests.m */ = {isa = PBXFileReference; lastKnownFileType = sourcecode.c.objc; path = RouteMe1Tests.m; sourceTree = "<group>"; };
		4FE4323B18AFDB1C00D06F9B /* LoginViewController.h */ = {isa = PBXFileReference; fileEncoding = 4; lastKnownFileType = sourcecode.c.h; path = LoginViewController.h; sourceTree = "<group>"; };
		4FE4323C18AFDB1C00D06F9B /* LoginViewController.m */ = {isa = PBXFileReference; fileEncoding = 4; lastKnownFileType = sourcecode.c.objc; path = LoginViewController.m; sourceTree = "<group>"; };
		4FE4323E18AFDB4900D06F9B /* ConfigureViewController.h */ = {isa = PBXFileReference; fileEncoding = 4; lastKnownFileType = sourcecode.c.h; path = ConfigureViewController.h; sourceTree = "<group>"; };
		4FE4323F18AFDB4900D06F9B /* ConfigureViewController.m */ = {isa = PBXFileReference; fileEncoding = 4; lastKnownFileType = sourcecode.c.objc; path = ConfigureViewController.m; sourceTree = "<group>"; };
		4FE4324318AFE92C00D06F9B /* DestinationsTableViewController.h */ = {isa = PBXFileReference; fileEncoding = 4; lastKnownFileType = sourcecode.c.h; path = DestinationsTableViewController.h; sourceTree = "<group>"; };
		4FE4324418AFE92C00D06F9B /* DestinationsTableViewController.m */ = {isa = PBXFileReference; fileEncoding = 4; lastKnownFileType = sourcecode.c.objc; path = DestinationsTableViewController.m; sourceTree = "<group>"; };
		4FE4324618AFE99800D06F9B /* TripManager.h */ = {isa = PBXFileReference; fileEncoding = 4; lastKnownFileType = sourcecode.c.h; path = TripManager.h; sourceTree = "<group>"; };
		4FE4324718AFE99800D06F9B /* TripManager.m */ = {isa = PBXFileReference; fileEncoding = 4; lastKnownFileType = sourcecode.c.objc; path = TripManager.m; sourceTree = "<group>"; };
		4FE4324918AFEA2200D06F9B /* DestinationObject.h */ = {isa = PBXFileReference; fileEncoding = 4; lastKnownFileType = sourcecode.c.h; path = DestinationObject.h; sourceTree = "<group>"; };
		4FE4324A18AFEA2200D06F9B /* DestinationObject.m */ = {isa = PBXFileReference; fileEncoding = 4; lastKnownFileType = sourcecode.c.objc; path = DestinationObject.m; sourceTree = "<group>"; };
		4FEB075818C3A19200AFB714 /* ActivitiesViewController.h */ = {isa = PBXFileReference; fileEncoding = 4; lastKnownFileType = sourcecode.c.h; path = ActivitiesViewController.h; sourceTree = "<group>"; };
		4FEB075918C3A19200AFB714 /* ActivitiesViewController.m */ = {isa = PBXFileReference; fileEncoding = 4; lastKnownFileType = sourcecode.c.objc; path = ActivitiesViewController.m; sourceTree = "<group>"; };
		4FEB075C18C3A49800AFB714 /* ActivityObject.h */ = {isa = PBXFileReference; fileEncoding = 4; lastKnownFileType = sourcecode.c.h; path = ActivityObject.h; sourceTree = "<group>"; };
		4FEB075D18C3A49800AFB714 /* ActivityObject.m */ = {isa = PBXFileReference; fileEncoding = 4; lastKnownFileType = sourcecode.c.objc; path = ActivityObject.m; sourceTree = "<group>"; };
		4FEC2D9218BA4E73001464B7 /* EditDestinationsCell.h */ = {isa = PBXFileReference; fileEncoding = 4; lastKnownFileType = sourcecode.c.h; path = EditDestinationsCell.h; sourceTree = "<group>"; };
		4FEC2D9318BA4E73001464B7 /* EditDestinationsCell.m */ = {isa = PBXFileReference; fileEncoding = 4; lastKnownFileType = sourcecode.c.objc; path = EditDestinationsCell.m; sourceTree = "<group>"; };
/* End PBXFileReference section */

/* Begin PBXFrameworksBuildPhase section */
		4FE431F118AFD15700D06F9B /* Frameworks */ = {
			isa = PBXFrameworksBuildPhase;
			buildActionMask = 2147483647;
			files = (
				49EE965518BC1BC70035F012 /* SystemConfiguration.framework in Frameworks */,
				49EE965318BC1BBF0035F012 /* QuartzCore.framework in Frameworks */,
				49EE965118BC1BB80035F012 /* OpenGLES.framework in Frameworks */,
				49EE964F18BC1BB40035F012 /* libz.dylib in Frameworks */,
				49EE964D18BC1BAD0035F012 /* libicucore.dylib in Frameworks */,
				49EE964B18BC1BA60035F012 /* libc++.dylib in Frameworks */,
				49EE964918BC1B9D0035F012 /* ImageIO.framework in Frameworks */,
				49EE964718BC1B980035F012 /* GLKit.framework in Frameworks */,
				49EE964518BC1B8C0035F012 /* CoreText.framework in Frameworks */,
				49EE964318BC1B880035F012 /* CoreLocation.framework in Frameworks */,
				49EE964118BC1B810035F012 /* AVFoundation.framework in Frameworks */,
				49EE963F18BC1B400035F012 /* GoogleMaps.framework in Frameworks */,
				498AC87218BAB3AB00548A1E /* MapKit.framework in Frameworks */,
				4FE431FA18AFD15700D06F9B /* CoreGraphics.framework in Frameworks */,
				4FE431FE18AFD15700D06F9B /* CoreData.framework in Frameworks */,
				4FE431FC18AFD15700D06F9B /* UIKit.framework in Frameworks */,
				4FE431F818AFD15700D06F9B /* Foundation.framework in Frameworks */,
			);
			runOnlyForDeploymentPostprocessing = 0;
		};
		4FE4321D18AFD15800D06F9B /* Frameworks */ = {
			isa = PBXFrameworksBuildPhase;
			buildActionMask = 2147483647;
			files = (
				4FE4322218AFD15800D06F9B /* XCTest.framework in Frameworks */,
				4FE4322518AFD15800D06F9B /* CoreData.framework in Frameworks */,
				4FE4322418AFD15800D06F9B /* UIKit.framework in Frameworks */,
				4FE4322318AFD15800D06F9B /* Foundation.framework in Frameworks */,
			);
			runOnlyForDeploymentPostprocessing = 0;
		};
/* End PBXFrameworksBuildPhase section */

/* Begin PBXGroup section */
		4960276818CA58B30065E9EC /* DestinationSearch */ = {
			isa = PBXGroup;
			children = (
				49B3C81C18BF7D8E009600A8 /* DestinationSearchViewController.h */,
				49B3C81D18BF7D8E009600A8 /* DestinationSearchViewController.m */,
			);
			name = DestinationSearch;
			sourceTree = "<group>";
		};
		4960276918CA58BA0065E9EC /* POISearch */ = {
			isa = PBXGroup;
			children = (
				49344FC918D121670043AD1B /* POISuggestionViewController.h */,
				49344FCA18D121670043AD1B /* POISuggestionViewController.m */,
			);
			name = POISearch;
			sourceTree = "<group>";
		};
		4FE431EB18AFD15700D06F9B = {
			isa = PBXGroup;
			children = (
				4FE431FF18AFD15700D06F9B /* RouteMe1 */,
				4FE4322818AFD15800D06F9B /* RouteMe1Tests */,
				4FE431F618AFD15700D06F9B /* Frameworks */,
				4FE431F518AFD15700D06F9B /* Products */,
			);
			sourceTree = "<group>";
		};
		4FE431F518AFD15700D06F9B /* Products */ = {
			isa = PBXGroup;
			children = (
				4FE431F418AFD15700D06F9B /* CityHop.app */,
				4FE4322018AFD15800D06F9B /* CityHopTests.xctest */,
			);
			name = Products;
			sourceTree = "<group>";
		};
		4FE431F618AFD15700D06F9B /* Frameworks */ = {
			isa = PBXGroup;
			children = (
				49EE965418BC1BC70035F012 /* SystemConfiguration.framework */,
				49EE965218BC1BBF0035F012 /* QuartzCore.framework */,
				49EE965018BC1BB80035F012 /* OpenGLES.framework */,
				49EE964E18BC1BB40035F012 /* libz.dylib */,
				49EE964C18BC1BAD0035F012 /* libicucore.dylib */,
				49EE964A18BC1BA60035F012 /* libc++.dylib */,
				49EE964818BC1B9D0035F012 /* ImageIO.framework */,
				49EE964618BC1B980035F012 /* GLKit.framework */,
				49EE964418BC1B8C0035F012 /* CoreText.framework */,
				49EE964218BC1B880035F012 /* CoreLocation.framework */,
				49EE964018BC1B810035F012 /* AVFoundation.framework */,
				49EE963E18BC1B400035F012 /* GoogleMaps.framework */,
				498AC87118BAB3AB00548A1E /* MapKit.framework */,
				4FE431F718AFD15700D06F9B /* Foundation.framework */,
				4FE431F918AFD15700D06F9B /* CoreGraphics.framework */,
				4FE431FB18AFD15700D06F9B /* UIKit.framework */,
				4FE431FD18AFD15700D06F9B /* CoreData.framework */,
				4FE4322118AFD15800D06F9B /* XCTest.framework */,
			);
			name = Frameworks;
			sourceTree = "<group>";
		};
		4FE431FF18AFD15700D06F9B /* RouteMe1 */ = {
			isa = PBXGroup;
			children = (
				4FE4323818AFDA5D00D06F9B /* Model */,
				4FE4323918AFDA6400D06F9B /* View */,
				4FE4323A18AFDA6A00D06F9B /* Controller */,
				4FE4321A18AFD15800D06F9B /* Images.xcassets */,
				4FE4320018AFD15700D06F9B /* Supporting Files */,
				4FE4321118AFD15700D06F9B /* RouteMe1.xcdatamodeld */,
			);
			path = RouteMe1;
			sourceTree = "<group>";
		};
		4FE4320018AFD15700D06F9B /* Supporting Files */ = {
			isa = PBXGroup;
			children = (
<<<<<<< HEAD:CityHop.xcodeproj/project.pbxproj
<<<<<<< HEAD:RouteMe1.xcodeproj/project.pbxproj
				49EE963C18BBF97F0035F012 /* ch_bg.png */,
				4FE4320118AFD15700D06F9B /* RouteMe1-Info.plist */,
=======
				4FE4320118AFD15700D06F9B /* CityHop-Info.plist */,
>>>>>>> origin/adam_dev1:CityHop.xcodeproj/project.pbxproj
=======
				4FE4320118AFD15700D06F9B /* CityHop-Info.plist */,
>>>>>>> origin/adam_dev1:CityHop.xcodeproj/project.pbxproj
				4FE4320218AFD15700D06F9B /* InfoPlist.strings */,
				4FE4320518AFD15700D06F9B /* main.m */,
				4FE4320718AFD15700D06F9B /* CityHop-Prefix.pch */,
			);
			name = "Supporting Files";
			sourceTree = "<group>";
		};
		4FE4322818AFD15800D06F9B /* RouteMe1Tests */ = {
			isa = PBXGroup;
			children = (
				4FE4322E18AFD15800D06F9B /* RouteMe1Tests.m */,
				4FE4322918AFD15800D06F9B /* Supporting Files */,
			);
			path = RouteMe1Tests;
			sourceTree = "<group>";
		};
		4FE4322918AFD15800D06F9B /* Supporting Files */ = {
			isa = PBXGroup;
			children = (
				4FE4322A18AFD15800D06F9B /* CityHopTests-Info.plist */,
				4FE4322B18AFD15800D06F9B /* InfoPlist.strings */,
			);
			name = "Supporting Files";
			sourceTree = "<group>";
		};
		4FE4323818AFDA5D00D06F9B /* Model */ = {
			isa = PBXGroup;
			children = (
				4FE4320818AFD15700D06F9B /* AppDelegate.h */,
				4FE4320918AFD15700D06F9B /* AppDelegate.m */,
				4FE4324618AFE99800D06F9B /* TripManager.h */,
				4FE4324718AFE99800D06F9B /* TripManager.m */,
<<<<<<< HEAD:CityHop.xcodeproj/project.pbxproj
<<<<<<< HEAD:RouteMe1.xcodeproj/project.pbxproj
				4FE4324918AFEA2200D06F9B /* DestinationObject.h */,
				4FE4324A18AFEA2200D06F9B /* DestinationObject.m */,
				4960277318CA8BC10065E9EC /* DestinationSearch.h */,
				4960277418CA8BC10065E9EC /* DestinationSearch.m */,
=======
				4FEB075F18C3A4D600AFB714 /* Container Objects */,
>>>>>>> origin/adam_dev1:CityHop.xcodeproj/project.pbxproj
=======
				4FEB075F18C3A4D600AFB714 /* Container Objects */,
>>>>>>> origin/adam_dev1:CityHop.xcodeproj/project.pbxproj
			);
			name = Model;
			sourceTree = "<group>";
		};
		4FE4323918AFDA6400D06F9B /* View */ = {
			isa = PBXGroup;
			children = (
				4FEB075B18C3A41300AFB714 /* Cells */,
				4FE4320B18AFD15700D06F9B /* Main_iPhone.storyboard */,
<<<<<<< HEAD:CityHop.xcodeproj/project.pbxproj
<<<<<<< HEAD:RouteMe1.xcodeproj/project.pbxproj
				4FE4320E18AFD15700D06F9B /* Main_iPad.storyboard */,
				4FEC2D9218BA4E73001464B7 /* EditDestinationsCell.h */,
				4FEC2D9318BA4E73001464B7 /* EditDestinationsCell.m */,
				49344FCC18D122CE0043AD1B /* POISuggestionCell.h */,
				49344FCD18D122CE0043AD1B /* POISuggestionCell.m */,
=======
>>>>>>> origin/adam_dev1:CityHop.xcodeproj/project.pbxproj
=======
>>>>>>> origin/adam_dev1:CityHop.xcodeproj/project.pbxproj
			);
			name = View;
			sourceTree = "<group>";
		};
		4FE4323A18AFDA6A00D06F9B /* Controller */ = {
			isa = PBXGroup;
			children = (
				4FE4323B18AFDB1C00D06F9B /* LoginViewController.h */,
				4FE4323C18AFDB1C00D06F9B /* LoginViewController.m */,
				4FE4323E18AFDB4900D06F9B /* ConfigureViewController.h */,
				4FE4323F18AFDB4900D06F9B /* ConfigureViewController.m */,
				4FE4324318AFE92C00D06F9B /* DestinationsTableViewController.h */,
				4FE4324418AFE92C00D06F9B /* DestinationsTableViewController.m */,
<<<<<<< HEAD:CityHop.xcodeproj/project.pbxproj
<<<<<<< HEAD:RouteMe1.xcodeproj/project.pbxproj
				4960276818CA58B30065E9EC /* DestinationSearch */,
				4960276918CA58BA0065E9EC /* POISearch */,
=======
				4FEB075818C3A19200AFB714 /* ActivitiesViewController.h */,
				4FEB075918C3A19200AFB714 /* ActivitiesViewController.m */,
>>>>>>> origin/adam_dev1:CityHop.xcodeproj/project.pbxproj
=======
				4FEB075818C3A19200AFB714 /* ActivitiesViewController.h */,
				4FEB075918C3A19200AFB714 /* ActivitiesViewController.m */,
>>>>>>> origin/adam_dev1:CityHop.xcodeproj/project.pbxproj
			);
			name = Controller;
			sourceTree = "<group>";
		};
		4FEB075B18C3A41300AFB714 /* Cells */ = {
			isa = PBXGroup;
			children = (
				4FEC2D9218BA4E73001464B7 /* EditDestinationsCell.h */,
				4FEC2D9318BA4E73001464B7 /* EditDestinationsCell.m */,
			);
			name = Cells;
			sourceTree = "<group>";
		};
		4FEB075F18C3A4D600AFB714 /* Container Objects */ = {
			isa = PBXGroup;
			children = (
				4FE4324918AFEA2200D06F9B /* DestinationObject.h */,
				4FE4324A18AFEA2200D06F9B /* DestinationObject.m */,
				4FEB075C18C3A49800AFB714 /* ActivityObject.h */,
				4FEB075D18C3A49800AFB714 /* ActivityObject.m */,
			);
			name = "Container Objects";
			sourceTree = "<group>";
		};
/* End PBXGroup section */

/* Begin PBXNativeTarget section */
		4FE431F318AFD15700D06F9B /* CityHop */ = {
			isa = PBXNativeTarget;
			buildConfigurationList = 4FE4323218AFD15800D06F9B /* Build configuration list for PBXNativeTarget "CityHop" */;
			buildPhases = (
				4FE431F018AFD15700D06F9B /* Sources */,
				4FE431F118AFD15700D06F9B /* Frameworks */,
				4FE431F218AFD15700D06F9B /* Resources */,
			);
			buildRules = (
			);
			dependencies = (
			);
			name = CityHop;
			productName = RouteMe1;
			productReference = 4FE431F418AFD15700D06F9B /* CityHop.app */;
			productType = "com.apple.product-type.application";
		};
		4FE4321F18AFD15800D06F9B /* CityHopTests */ = {
			isa = PBXNativeTarget;
			buildConfigurationList = 4FE4323518AFD15800D06F9B /* Build configuration list for PBXNativeTarget "CityHopTests" */;
			buildPhases = (
				4FE4321C18AFD15800D06F9B /* Sources */,
				4FE4321D18AFD15800D06F9B /* Frameworks */,
				4FE4321E18AFD15800D06F9B /* Resources */,
			);
			buildRules = (
			);
			dependencies = (
				4FE4322718AFD15800D06F9B /* PBXTargetDependency */,
			);
			name = CityHopTests;
			productName = RouteMe1Tests;
			productReference = 4FE4322018AFD15800D06F9B /* CityHopTests.xctest */;
			productType = "com.apple.product-type.bundle.unit-test";
		};
/* End PBXNativeTarget section */

/* Begin PBXProject section */
		4FE431EC18AFD15700D06F9B /* Project object */ = {
			isa = PBXProject;
			attributes = {
				LastUpgradeCheck = 0500;
				ORGANIZATIONNAME = "University of Michigan";
				TargetAttributes = {
					4FE4321F18AFD15800D06F9B = {
						TestTargetID = 4FE431F318AFD15700D06F9B;
					};
				};
			};
			buildConfigurationList = 4FE431EF18AFD15700D06F9B /* Build configuration list for PBXProject "CityHop" */;
			compatibilityVersion = "Xcode 3.2";
			developmentRegion = English;
			hasScannedForEncodings = 0;
			knownRegions = (
				en,
				Base,
			);
			mainGroup = 4FE431EB18AFD15700D06F9B;
			productRefGroup = 4FE431F518AFD15700D06F9B /* Products */;
			projectDirPath = "";
			projectRoot = "";
			targets = (
				4FE431F318AFD15700D06F9B /* CityHop */,
				4FE4321F18AFD15800D06F9B /* CityHopTests */,
			);
		};
/* End PBXProject section */

/* Begin PBXResourcesBuildPhase section */
		4FE431F218AFD15700D06F9B /* Resources */ = {
			isa = PBXResourcesBuildPhase;
			buildActionMask = 2147483647;
			files = (
				4FE4321B18AFD15800D06F9B /* Images.xcassets in Resources */,
				4FE4320D18AFD15700D06F9B /* Main_iPhone.storyboard in Resources */,
				4FE4320418AFD15700D06F9B /* InfoPlist.strings in Resources */,
				49EE963D18BBF97F0035F012 /* ch_bg.png in Resources */,
			);
			runOnlyForDeploymentPostprocessing = 0;
		};
		4FE4321E18AFD15800D06F9B /* Resources */ = {
			isa = PBXResourcesBuildPhase;
			buildActionMask = 2147483647;
			files = (
				4FE4322D18AFD15800D06F9B /* InfoPlist.strings in Resources */,
			);
			runOnlyForDeploymentPostprocessing = 0;
		};
/* End PBXResourcesBuildPhase section */

/* Begin PBXSourcesBuildPhase section */
		4FE431F018AFD15700D06F9B /* Sources */ = {
			isa = PBXSourcesBuildPhase;
			buildActionMask = 2147483647;
			files = (
				4FE4323D18AFDB1C00D06F9B /* LoginViewController.m in Sources */,
				4FE4320A18AFD15700D06F9B /* AppDelegate.m in Sources */,
				49344FCE18D122CE0043AD1B /* POISuggestionCell.m in Sources */,
				4FE4324518AFE92C00D06F9B /* DestinationsTableViewController.m in Sources */,
				4FEB075A18C3A19200AFB714 /* ActivitiesViewController.m in Sources */,
				4FE4324818AFE99800D06F9B /* TripManager.m in Sources */,
				4FE4324018AFDB4900D06F9B /* ConfigureViewController.m in Sources */,
				4FE4320618AFD15700D06F9B /* main.m in Sources */,
				4960277518CA8BC10065E9EC /* DestinationSearch.m in Sources */,
				4FEC2D9418BA4E73001464B7 /* EditDestinationsCell.m in Sources */,
				4FEB075E18C3A49800AFB714 /* ActivityObject.m in Sources */,
				4FE4321318AFD15700D06F9B /* RouteMe1.xcdatamodeld in Sources */,
				4FE4324B18AFEA2200D06F9B /* DestinationObject.m in Sources */,
				49B3C81E18BF7D8E009600A8 /* DestinationSearchViewController.m in Sources */,
				49344FCB18D121670043AD1B /* POISuggestionViewController.m in Sources */,
			);
			runOnlyForDeploymentPostprocessing = 0;
		};
		4FE4321C18AFD15800D06F9B /* Sources */ = {
			isa = PBXSourcesBuildPhase;
			buildActionMask = 2147483647;
			files = (
				4FE4322F18AFD15800D06F9B /* RouteMe1Tests.m in Sources */,
			);
			runOnlyForDeploymentPostprocessing = 0;
		};
/* End PBXSourcesBuildPhase section */

/* Begin PBXTargetDependency section */
		4FE4322718AFD15800D06F9B /* PBXTargetDependency */ = {
			isa = PBXTargetDependency;
			target = 4FE431F318AFD15700D06F9B /* CityHop */;
			targetProxy = 4FE4322618AFD15800D06F9B /* PBXContainerItemProxy */;
		};
/* End PBXTargetDependency section */

/* Begin PBXVariantGroup section */
		4FE4320218AFD15700D06F9B /* InfoPlist.strings */ = {
			isa = PBXVariantGroup;
			children = (
				4FE4320318AFD15700D06F9B /* en */,
			);
			name = InfoPlist.strings;
			sourceTree = "<group>";
		};
		4FE4320B18AFD15700D06F9B /* Main_iPhone.storyboard */ = {
			isa = PBXVariantGroup;
			children = (
				4FE4320C18AFD15700D06F9B /* Base */,
			);
			name = Main_iPhone.storyboard;
			sourceTree = "<group>";
		};
		4FE4322B18AFD15800D06F9B /* InfoPlist.strings */ = {
			isa = PBXVariantGroup;
			children = (
				4FE4322C18AFD15800D06F9B /* en */,
			);
			name = InfoPlist.strings;
			sourceTree = "<group>";
		};
/* End PBXVariantGroup section */

/* Begin XCBuildConfiguration section */
		4FE4323018AFD15800D06F9B /* Debug */ = {
			isa = XCBuildConfiguration;
			buildSettings = {
				ALWAYS_SEARCH_USER_PATHS = NO;
				ARCHS = "$(ARCHS_STANDARD_INCLUDING_64_BIT)";
				CLANG_CXX_LANGUAGE_STANDARD = "gnu++0x";
				CLANG_CXX_LIBRARY = "libc++";
				CLANG_ENABLE_MODULES = YES;
				CLANG_ENABLE_OBJC_ARC = YES;
				CLANG_WARN_BOOL_CONVERSION = YES;
				CLANG_WARN_CONSTANT_CONVERSION = YES;
				CLANG_WARN_DIRECT_OBJC_ISA_USAGE = YES_ERROR;
				CLANG_WARN_EMPTY_BODY = YES;
				CLANG_WARN_ENUM_CONVERSION = YES;
				CLANG_WARN_INT_CONVERSION = YES;
				CLANG_WARN_OBJC_ROOT_CLASS = YES_ERROR;
				CLANG_WARN__DUPLICATE_METHOD_MATCH = YES;
				"CODE_SIGN_IDENTITY[sdk=iphoneos*]" = "iPhone Developer";
				COPY_PHASE_STRIP = NO;
				GCC_C_LANGUAGE_STANDARD = gnu99;
				GCC_DYNAMIC_NO_PIC = NO;
				GCC_OPTIMIZATION_LEVEL = 0;
				GCC_PREPROCESSOR_DEFINITIONS = (
					"DEBUG=1",
					"$(inherited)",
				);
				GCC_SYMBOLS_PRIVATE_EXTERN = NO;
				GCC_WARN_64_TO_32_BIT_CONVERSION = YES;
				GCC_WARN_ABOUT_RETURN_TYPE = YES_ERROR;
				GCC_WARN_UNDECLARED_SELECTOR = YES;
				GCC_WARN_UNINITIALIZED_AUTOS = YES;
				GCC_WARN_UNUSED_FUNCTION = YES;
				GCC_WARN_UNUSED_VARIABLE = YES;
				IPHONEOS_DEPLOYMENT_TARGET = 7.0;
				ONLY_ACTIVE_ARCH = YES;
				"OTHER_LDFLAGS[arch=*]" = "-ObjC";
				SDKROOT = iphoneos;
				TARGETED_DEVICE_FAMILY = "1,2";
			};
			name = Debug;
		};
		4FE4323118AFD15800D06F9B /* Release */ = {
			isa = XCBuildConfiguration;
			buildSettings = {
				ALWAYS_SEARCH_USER_PATHS = NO;
				ARCHS = "$(ARCHS_STANDARD_INCLUDING_64_BIT)";
				CLANG_CXX_LANGUAGE_STANDARD = "gnu++0x";
				CLANG_CXX_LIBRARY = "libc++";
				CLANG_ENABLE_MODULES = YES;
				CLANG_ENABLE_OBJC_ARC = YES;
				CLANG_WARN_BOOL_CONVERSION = YES;
				CLANG_WARN_CONSTANT_CONVERSION = YES;
				CLANG_WARN_DIRECT_OBJC_ISA_USAGE = YES_ERROR;
				CLANG_WARN_EMPTY_BODY = YES;
				CLANG_WARN_ENUM_CONVERSION = YES;
				CLANG_WARN_INT_CONVERSION = YES;
				CLANG_WARN_OBJC_ROOT_CLASS = YES_ERROR;
				CLANG_WARN__DUPLICATE_METHOD_MATCH = YES;
				"CODE_SIGN_IDENTITY[sdk=iphoneos*]" = "iPhone Developer";
				COPY_PHASE_STRIP = YES;
				ENABLE_NS_ASSERTIONS = NO;
				GCC_C_LANGUAGE_STANDARD = gnu99;
				GCC_WARN_64_TO_32_BIT_CONVERSION = YES;
				GCC_WARN_ABOUT_RETURN_TYPE = YES_ERROR;
				GCC_WARN_UNDECLARED_SELECTOR = YES;
				GCC_WARN_UNINITIALIZED_AUTOS = YES;
				GCC_WARN_UNUSED_FUNCTION = YES;
				GCC_WARN_UNUSED_VARIABLE = YES;
				IPHONEOS_DEPLOYMENT_TARGET = 7.0;
				"OTHER_LDFLAGS[arch=*]" = "-ObjC";
				SDKROOT = iphoneos;
				TARGETED_DEVICE_FAMILY = "1,2";
				VALIDATE_PRODUCT = YES;
			};
			name = Release;
		};
		4FE4323318AFD15800D06F9B /* Debug */ = {
			isa = XCBuildConfiguration;
			buildSettings = {
				ASSETCATALOG_COMPILER_APPICON_NAME = AppIcon;
				ASSETCATALOG_COMPILER_LAUNCHIMAGE_NAME = LaunchImage;
				FRAMEWORK_SEARCH_PATHS = (
					"$(inherited)",
					"/Users/pramods/GoogleMaps-iOS-1.7.0",
				);
				GCC_PRECOMPILE_PREFIX_HEADER = YES;
				GCC_PREFIX_HEADER = "RouteMe1/CityHop-Prefix.pch";
				INFOPLIST_FILE = "RouteMe1/CityHop-Info.plist";
				PRODUCT_NAME = CityHop;
				TARGETED_DEVICE_FAMILY = 1;
				WRAPPER_EXTENSION = app;
			};
			name = Debug;
		};
		4FE4323418AFD15800D06F9B /* Release */ = {
			isa = XCBuildConfiguration;
			buildSettings = {
				ASSETCATALOG_COMPILER_APPICON_NAME = AppIcon;
				ASSETCATALOG_COMPILER_LAUNCHIMAGE_NAME = LaunchImage;
				FRAMEWORK_SEARCH_PATHS = (
					"$(inherited)",
					"/Users/pramods/GoogleMaps-iOS-1.7.0",
				);
				GCC_PRECOMPILE_PREFIX_HEADER = YES;
				GCC_PREFIX_HEADER = "RouteMe1/CityHop-Prefix.pch";
				INFOPLIST_FILE = "RouteMe1/CityHop-Info.plist";
				PRODUCT_NAME = CityHop;
				TARGETED_DEVICE_FAMILY = 1;
				WRAPPER_EXTENSION = app;
			};
			name = Release;
		};
		4FE4323618AFD15800D06F9B /* Debug */ = {
			isa = XCBuildConfiguration;
			buildSettings = {
				ARCHS = "$(ARCHS_STANDARD_INCLUDING_64_BIT)";
				BUNDLE_LOADER = "$(BUILT_PRODUCTS_DIR)/RouteMe1.app/RouteMe1";
				FRAMEWORK_SEARCH_PATHS = (
					"$(SDKROOT)/Developer/Library/Frameworks",
					"$(inherited)",
					"$(DEVELOPER_FRAMEWORKS_DIR)",
				);
				GCC_PRECOMPILE_PREFIX_HEADER = YES;
				GCC_PREFIX_HEADER = "RouteMe1/RouteMe1-Prefix.pch";
				GCC_PREPROCESSOR_DEFINITIONS = (
					"DEBUG=1",
					"$(inherited)",
				);
				INFOPLIST_FILE = "RouteMe1Tests/CityHopTests-Info.plist";
				PRODUCT_NAME = CityHopTests;
				TEST_HOST = "$(BUNDLE_LOADER)";
				WRAPPER_EXTENSION = xctest;
			};
			name = Debug;
		};
		4FE4323718AFD15800D06F9B /* Release */ = {
			isa = XCBuildConfiguration;
			buildSettings = {
				ARCHS = "$(ARCHS_STANDARD_INCLUDING_64_BIT)";
				BUNDLE_LOADER = "$(BUILT_PRODUCTS_DIR)/RouteMe1.app/RouteMe1";
				FRAMEWORK_SEARCH_PATHS = (
					"$(SDKROOT)/Developer/Library/Frameworks",
					"$(inherited)",
					"$(DEVELOPER_FRAMEWORKS_DIR)",
				);
				GCC_PRECOMPILE_PREFIX_HEADER = YES;
				GCC_PREFIX_HEADER = "RouteMe1/RouteMe1-Prefix.pch";
				INFOPLIST_FILE = "RouteMe1Tests/CityHopTests-Info.plist";
				PRODUCT_NAME = CityHopTests;
				TEST_HOST = "$(BUNDLE_LOADER)";
				WRAPPER_EXTENSION = xctest;
			};
			name = Release;
		};
/* End XCBuildConfiguration section */

/* Begin XCConfigurationList section */
		4FE431EF18AFD15700D06F9B /* Build configuration list for PBXProject "CityHop" */ = {
			isa = XCConfigurationList;
			buildConfigurations = (
				4FE4323018AFD15800D06F9B /* Debug */,
				4FE4323118AFD15800D06F9B /* Release */,
			);
			defaultConfigurationIsVisible = 0;
			defaultConfigurationName = Release;
		};
		4FE4323218AFD15800D06F9B /* Build configuration list for PBXNativeTarget "CityHop" */ = {
			isa = XCConfigurationList;
			buildConfigurations = (
				4FE4323318AFD15800D06F9B /* Debug */,
				4FE4323418AFD15800D06F9B /* Release */,
			);
			defaultConfigurationIsVisible = 0;
			defaultConfigurationName = Release;
		};
		4FE4323518AFD15800D06F9B /* Build configuration list for PBXNativeTarget "CityHopTests" */ = {
			isa = XCConfigurationList;
			buildConfigurations = (
				4FE4323618AFD15800D06F9B /* Debug */,
				4FE4323718AFD15800D06F9B /* Release */,
			);
			defaultConfigurationIsVisible = 0;
			defaultConfigurationName = Release;
		};
/* End XCConfigurationList section */

/* Begin XCVersionGroup section */
		4FE4321118AFD15700D06F9B /* RouteMe1.xcdatamodeld */ = {
			isa = XCVersionGroup;
			children = (
				4FE4321218AFD15700D06F9B /* RouteMe1.xcdatamodel */,
			);
			currentVersion = 4FE4321218AFD15700D06F9B /* RouteMe1.xcdatamodel */;
			path = RouteMe1.xcdatamodeld;
			sourceTree = "<group>";
			versionGroupType = wrapper.xcdatamodel;
		};
/* End XCVersionGroup section */
	};
	rootObject = 4FE431EC18AFD15700D06F9B /* Project object */;
}
